Microsoft Visual Studio Solution File, Format Version 12.00
# Visual Studio Version 17
VisualStudioVersion = 17.5.2.0
MinimumVisualStudioVersion = 10.0.40219.1
Project("{FAE04EC0-301F-11D3-BF4B-00C04F79EFBC}") = "PermutationGeneratorAPI", "PermutationGeneratorAPI\PermutationGeneratorAPI.csproj", "{3111640E-5380-75C6-5991-44D22E1B585F}"
EndProject
Global
	GlobalSection(SolutionConfigurationPlatforms) = preSolution
		Debug|Any CPU = Debug|Any CPU
		Release|Any CPU = Release|Any CPU
	EndGlobalSection
	GlobalSection(ProjectConfigurationPlatforms) = postSolution
		{3111640E-5380-75C6-5991-44D22E1B585F}.Debug|Any CPU.ActiveCfg = Debug|Any CPU
		{3111640E-5380-75C6-5991-44D22E1B585F}.Debug|Any CPU.Build.0 = Debug|Any CPU
		{3111640E-5380-75C6-5991-44D22E1B585F}.Release|Any CPU.ActiveCfg = Release|Any CPU
		{3111640E-5380-75C6-5991-44D22E1B585F}.Release|Any CPU.Build.0 = Release|Any CPU
	EndGlobalSection
	GlobalSection(SolutionProperties) = preSolution
		HideSolutionNode = FALSE
	EndGlobalSection
	GlobalSection(ExtensibilityGlobals) = postSolution
		SolutionGuid = {68426533-BD5F-4735-B32F-89A8D9A759C0}
	EndGlobalSection
EndGlobal
